
Microsoft Visual Studio Solution File, Format Version 12.00
# Visual Studio Version 17
VisualStudioVersion = 17.4.33103.184
MinimumVisualStudioVersion = 10.0.40219.1
Project("{FAE04EC0-301F-11D3-BF4B-00C04F79EFBC}") = "GestionCouture", "GestionCouture.csproj", "{AEC99324-9490-43EA-A884-8972D3B8A8CE}"
EndProject
Global
	GlobalSection(SolutionConfigurationPlatforms) = preSolution
		Debug|Any CPU = Debug|Any CPU
		Release|Any CPU = Release|Any CPU
	EndGlobalSection
	GlobalSection(ProjectConfigurationPlatforms) = postSolution
		{AEC99324-9490-43EA-A884-8972D3B8A8CE}.Debug|Any CPU.ActiveCfg = Debug|Any CPU
		{AEC99324-9490-43EA-A884-8972D3B8A8CE}.Debug|Any CPU.Build.0 = Debug|Any CPU
		{AEC99324-9490-43EA-A884-8972D3B8A8CE}.Release|Any CPU.ActiveCfg = Release|Any CPU
		{AEC99324-9490-43EA-A884-8972D3B8A8CE}.Release|Any CPU.Build.0 = Release|Any CPU
	EndGlobalSection
	GlobalSection(SolutionProperties) = preSolution
		HideSolutionNode = FALSE
	EndGlobalSection
	GlobalSection(ExtensibilityGlobals) = postSolution
		SolutionGuid = {FB7C939C-7213-4F79-B4AA-453EE38C9A1B}
	EndGlobalSection
EndGlobal
